
Microsoft Visual Studio Solution File, Format Version 11.00
# Visual Studio 2010
Project("{FAE04EC0-301F-11D3-BF4B-00C04F79EFBC}") = "RomPatch", "RomPatch.csproj", "{A3832B02-ED7A-4EC7-9E22-1BEE2DD96DB0}"
EndProject
Global
	GlobalSection(SolutionConfigurationPlatforms) = preSolution
		Debug|Any CPU = Debug|Any CPU
		Release|Any CPU = Release|Any CPU
	EndGlobalSection
	GlobalSection(ProjectConfigurationPlatforms) = postSolution
		{A3832B02-ED7A-4EC7-9E22-1BEE2DD96DB0}.Debug|Any CPU.ActiveCfg = Debug|Any CPU
		{A3832B02-ED7A-4EC7-9E22-1BEE2DD96DB0}.Debug|Any CPU.Build.0 = Debug|Any CPU
		{A3832B02-ED7A-4EC7-9E22-1BEE2DD96DB0}.Release|Any CPU.ActiveCfg = Release|Any CPU
		{A3832B02-ED7A-4EC7-9E22-1BEE2DD96DB0}.Release|Any CPU.Build.0 = Release|Any CPU
	EndGlobalSection
	GlobalSection(SolutionProperties) = preSolution
		HideSolutionNode = FALSE
	EndGlobalSection
EndGlobal
